
Microsoft Visual Studio Solution File, Format Version 12.00
# Visual Studio Version 17
VisualStudioVersion = 17.5.002.0
MinimumVisualStudioVersion = 10.0.40219.1
Project("{9A19103F-16F7-4668-BE54-9A1E7A4F7556}") = "ScreenSound", "ScreenSound.csproj", "{8E305B87-6A08-435B-AB17-4AEEEA602915}"
EndProject
Global
	GlobalSection(SolutionConfigurationPlatforms) = preSolution
		Debug|Any CPU = Debug|Any CPU
		Release|Any CPU = Release|Any CPU
	EndGlobalSection
	GlobalSection(ProjectConfigurationPlatforms) = postSolution
		{8E305B87-6A08-435B-AB17-4AEEEA602915}.Debug|Any CPU.ActiveCfg = Debug|Any CPU
		{8E305B87-6A08-435B-AB17-4AEEEA602915}.Debug|Any CPU.Build.0 = Debug|Any CPU
		{8E305B87-6A08-435B-AB17-4AEEEA602915}.Release|Any CPU.ActiveCfg = Release|Any CPU
		{8E305B87-6A08-435B-AB17-4AEEEA602915}.Release|Any CPU.Build.0 = Release|Any CPU
	EndGlobalSection
	GlobalSection(SolutionProperties) = preSolution
		HideSolutionNode = FALSE
	EndGlobalSection
	GlobalSection(ExtensibilityGlobals) = postSolution
		SolutionGuid = {F560DBB1-2B9B-4382-9875-83DC03361430}
	EndGlobalSection
EndGlobal
